Microsoft Visual Studio Solution File, Format Version 12.00
# Visual Studio Version 17
VisualStudioVersion = 17.5.2.0
MinimumVisualStudioVersion = 10.0.40219.1
Project("{FAE04EC0-301F-11D3-BF4B-00C04F79EFBC}") = "Lacosderepeticao19-05", "Lacosderepeticao19-05.csproj", "{8928CEF7-B060-87F3-EB44-8F2D584C46F1}"
EndProject
Global
	GlobalSection(SolutionConfigurationPlatforms) = preSolution
		Debug|Any CPU = Debug|Any CPU
		Release|Any CPU = Release|Any CPU
	EndGlobalSection
	GlobalSection(ProjectConfigurationPlatforms) = postSolution
		{8928CEF7-B060-87F3-EB44-8F2D584C46F1}.Debug|Any CPU.ActiveCfg = Debug|Any CPU
		{8928CEF7-B060-87F3-EB44-8F2D584C46F1}.Debug|Any CPU.Build.0 = Debug|Any CPU
		{8928CEF7-B060-87F3-EB44-8F2D584C46F1}.Release|Any CPU.ActiveCfg = Release|Any CPU
		{8928CEF7-B060-87F3-EB44-8F2D584C46F1}.Release|Any CPU.Build.0 = Release|Any CPU
	EndGlobalSection
	GlobalSection(SolutionProperties) = preSolution
		HideSolutionNode = FALSE
	EndGlobalSection
	GlobalSection(ExtensibilityGlobals) = postSolution
		SolutionGuid = {FE32B794-5A43-414F-B172-A3ED58CDCB64}
	EndGlobalSection
EndGlobal
